// !$*UTF8*$!
{
	archiveVersion = 1;
	classes = {
	};
	objectVersion = 50;
	objects = {

/* Begin PBXBuildFile section */
		06F15ABA9FC733F9E162D468 /* Pods_RXAnimationTests.framework in Frameworks */ = {isa = PBXBuildFile; fileRef = 9EB7B47CAA4A596DBC90672A /* Pods_RXAnimationTests.framework */; };
		6F0A336F305F42F8DCC5CC6F /* Pods_RXAnimation.framework in Frameworks */ = {isa = PBXBuildFile; fileRef = 6A7BFCC9E3DF0365456FB98F /* Pods_RXAnimation.framework */; };
		873BC1C0222C522A008E0FF6 /* AppDelegate.swift in Sources */ = {isa = PBXBuildFile; fileRef = 873BC1BF222C522A008E0FF6 /* AppDelegate.swift */; };
		873BC1C2222C522A008E0FF6 /* ViewController.swift in Sources */ = {isa = PBXBuildFile; fileRef = 873BC1C1222C522A008E0FF6 /* ViewController.swift */; };
		873BC1C5222C522A008E0FF6 /* Main.storyboard in Resources */ = {isa = PBXBuildFile; fileRef = 873BC1C3222C522A008E0FF6 /* Main.storyboard */; };
		873BC1C7222C522B008E0FF6 /* Assets.xcassets in Resources */ = {isa = PBXBuildFile; fileRef = 873BC1C6222C522B008E0FF6 /* Assets.xcassets */; };
		873BC1CA222C522B008E0FF6 /* LaunchScreen.storyboard in Resources */ = {isa = PBXBuildFile; fileRef = 873BC1C8222C522B008E0FF6 /* LaunchScreen.storyboard */; };
		873BC1D5222C522B008E0FF6 /* RXAnimationTests.swift in Sources */ = {isa = PBXBuildFile; fileRef = 873BC1D4222C522B008E0FF6 /* RXAnimationTests.swift */; };
/* End PBXBuildFile section */

/* Begin PBXContainerItemProxy section */
		873BC1D1222C522B008E0FF6 /* PBXContainerItemProxy */ = {
			isa = PBXContainerItemProxy;
			containerPortal = 873BC1B4222C522A008E0FF6 /* Project object */;
			proxyType = 1;
			remoteGlobalIDString = 873BC1BB222C522A008E0FF6;
			remoteInfo = RXAnimation;
		};
/* End PBXContainerItemProxy section */

/* Begin PBXFileReference section */
		4121C12AA8E9C016A7F19EF5 /* Pods-RXAnimationTests.release.xcconfig */ = {isa = PBXFileReference; includeInIndex = 1; lastKnownFileType = text.xcconfig; name = "Pods-RXAnimationTests.release.xcconfig"; path = "Target Support Files/Pods-RXAnimationTests/Pods-RXAnimationTests.release.xcconfig"; sourceTree = "<group>"; };
		4A46CE5759D105DB9C71DDB8 /* Pods-RXAnimation.debug.xcconfig */ = {isa = PBXFileReference; includeInIndex = 1; lastKnownFileType = text.xcconfig; name = "Pods-RXAnimation.debug.xcconfig"; path = "Target Support Files/Pods-RXAnimation/Pods-RXAnimation.debug.xcconfig"; sourceTree = "<group>"; };
		6A7BFCC9E3DF0365456FB98F /* Pods_RXAnimation.framework */ = {isa = PBXFileReference; explicitFileType = wrapper.framework; includeInIndex = 0; path = Pods_RXAnimation.framework; sourceTree = BUILT_PRODUCTS_DIR; };
		873BC1BC222C522A008E0FF6 /* RXAnimation.app */ = {isa = PBXFileReference; explicitFileType = wrapper.application; includeInIndex = 0; path = RXAnimation.app; sourceTree = BUILT_PRODUCTS_DIR; };
		873BC1BF222C522A008E0FF6 /* AppDelegate.swift */ = {isa = PBXFileReference; lastKnownFileType = sourcecode.swift; path = AppDelegate.swift; sourceTree = "<group>"; };
		873BC1C1222C522A008E0FF6 /* ViewController.swift */ = {isa = PBXFileReference; lastKnownFileType = sourcecode.swift; path = ViewController.swift; sourceTree = "<group>"; };
		873BC1C4222C522A008E0FF6 /* Base */ = {isa = PBXFileReference; lastKnownFileType = file.storyboard; name = Base; path = Base.lproj/Main.storyboard; sourceTree = "<group>"; };
		873BC1C6222C522B008E0FF6 /* Assets.xcassets */ = {isa = PBXFileReference; lastKnownFileType = folder.assetcatalog; path = Assets.xcassets; sourceTree = "<group>"; };
		873BC1C9222C522B008E0FF6 /* Base */ = {isa = PBXFileReference; lastKnownFileType = file.storyboard; name = Base; path = Base.lproj/LaunchScreen.storyboard; sourceTree = "<group>"; };
		873BC1CB222C522B008E0FF6 /* Info.plist */ = {isa = PBXFileReference; lastKnownFileType = text.plist.xml; path = Info.plist; sourceTree = "<group>"; };
		873BC1D0222C522B008E0FF6 /* RXAnimationTests.xctest */ = {isa = PBXFileReference; explicitFileType = wrapper.cfbundle; includeInIndex = 0; path = RXAnimationTests.xctest; sourceTree = BUILT_PRODUCTS_DIR; };
		873BC1D4222C522B008E0FF6 /* RXAnimationTests.swift */ = {isa = PBXFileReference; lastKnownFileType = sourcecode.swift; path = RXAnimationTests.swift; sourceTree = "<group>"; };
		873BC1D6222C522B008E0FF6 /* Info.plist */ = {isa = PBXFileReference; lastKnownFileType = text.plist.xml; path = Info.plist; sourceTree = "<group>"; };
		9EB7B47CAA4A596DBC90672A /* Pods_RXAnimationTests.framework */ = {isa = PBXFileReference; explicitFileType = wrapper.framework; includeInIndex = 0; path = Pods_RXAnimationTests.framework; sourceTree = BUILT_PRODUCTS_DIR; };
		EFD9D24CA6FB345099C61BE8 /* Pods-RXAnimation.release.xcconfig */ = {isa = PBXFileReference; includeInIndex = 1; lastKnownFileType = text.xcconfig; name = "Pods-RXAnimation.release.xcconfig"; path = "Target Support Files/Pods-RXAnimation/Pods-RXAnimation.release.xcconfig"; sourceTree = "<group>"; };
		F7C72840B5AB577A990BC43E /* Pods-RXAnimationTests.debug.xcconfig */ = {isa = PBXFileReference; includeInIndex = 1; lastKnownFileType = text.xcconfig; name = "Pods-RXAnimationTests.debug.xcconfig"; path = "Target Support Files/Pods-RXAnimationTests/Pods-RXAnimationTests.debug.xcconfig"; sourceTree = "<group>"; };
/* End PBXFileReference section */

/* Begin PBXFrameworksBuildPhase section */
		873BC1B9222C522A008E0FF6 /* Frameworks */ = {
			isa = PBXFrameworksBuildPhase;
			buildActionMask = 2147483647;
			files = (
				6F0A336F305F42F8DCC5CC6F /* Pods_RXAnimation.framework in Frameworks */,
			);
			runOnlyForDeploymentPostprocessing = 0;
		};
		873BC1CD222C522B008E0FF6 /* Frameworks */ = {
			isa = PBXFrameworksBuildPhase;
			buildActionMask = 2147483647;
			files = (
				06F15ABA9FC733F9E162D468 /* Pods_RXAnimationTests.framework in Frameworks */,
			);
			runOnlyForDeploymentPostprocessing = 0;
		};
/* End PBXFrameworksBuildPhase section */

/* Begin PBXGroup section */
		873BC1B3222C522A008E0FF6 = {
			isa = PBXGroup;
			children = (
				873BC1BE222C522A008E0FF6 /* RXAnimation */,
				873BC1D3222C522B008E0FF6 /* RXAnimationTests */,
				873BC1BD222C522A008E0FF6 /* Products */,
				9652A343E6E6B9A2F9F893C1 /* Pods */,
				AB0418A0F419B67E0CABCFE0 /* Frameworks */,
			);
			sourceTree = "<group>";
		};
		873BC1BD222C522A008E0FF6 /* Products */ = {
			isa = PBXGroup;
			children = (
				873BC1BC222C522A008E0FF6 /* RXAnimation.app */,
				873BC1D0222C522B008E0FF6 /* RXAnimationTests.xctest */,
			);
			name = Products;
			sourceTree = "<group>";
		};
		873BC1BE222C522A008E0FF6 /* RXAnimation */ = {
			isa = PBXGroup;
			children = (
				873BC1BF222C522A008E0FF6 /* AppDelegate.swift */,
				873BC1C1222C522A008E0FF6 /* ViewController.swift */,
				873BC1C3222C522A008E0FF6 /* Main.storyboard */,
				873BC1C6222C522B008E0FF6 /* Assets.xcassets */,
				873BC1C8222C522B008E0FF6 /* LaunchScreen.storyboard */,
				873BC1CB222C522B008E0FF6 /* Info.plist */,
			);
			path = RXAnimation;
			sourceTree = "<group>";
		};
		873BC1D3222C522B008E0FF6 /* RXAnimationTests */ = {
			isa = PBXGroup;
			children = (
				873BC1D4222C522B008E0FF6 /* RXAnimationTests.swift */,
				873BC1D6222C522B008E0FF6 /* Info.plist */,
			);
			path = RXAnimationTests;
			sourceTree = "<group>";
		};
		9652A343E6E6B9A2F9F893C1 /* Pods */ = {
			isa = PBXGroup;
			children = (
				4A46CE5759D105DB9C71DDB8 /* Pods-RXAnimation.debug.xcconfig */,
				EFD9D24CA6FB345099C61BE8 /* Pods-RXAnimation.release.xcconfig */,
				F7C72840B5AB577A990BC43E /* Pods-RXAnimationTests.debug.xcconfig */,
				4121C12AA8E9C016A7F19EF5 /* Pods-RXAnimationTests.release.xcconfig */,
			);
			name = Pods;
			path = Pods;
			sourceTree = "<group>";
		};
		AB0418A0F419B67E0CABCFE0 /* Frameworks */ = {
			isa = PBXGroup;
			children = (
				6A7BFCC9E3DF0365456FB98F /* Pods_RXAnimation.framework */,
				9EB7B47CAA4A596DBC90672A /* Pods_RXAnimationTests.framework */,
			);
			name = Frameworks;
			sourceTree = "<group>";
		};
/* End PBXGroup section */

/* Begin PBXNativeTarget section */
		873BC1BB222C522A008E0FF6 /* RXAnimation */ = {
			isa = PBXNativeTarget;
			buildConfigurationList = 873BC1D9222C522B008E0FF6 /* Build configuration list for PBXNativeTarget "RXAnimation" */;
			buildPhases = (
				E3D2B72BC75DD5783C3AFCC9 /* [CP] Check Pods Manifest.lock */,
				873BC1B8222C522A008E0FF6 /* Sources */,
				873BC1B9222C522A008E0FF6 /* Frameworks */,
				873BC1BA222C522A008E0FF6 /* Resources */,
				B9FF8FD075A92F7BE4CD05DC /* [CP] Embed Pods Frameworks */,
			);
			buildRules = (
			);
			dependencies = (
			);
			name = RXAnimation;
			productName = RXAnimation;
			productReference = 873BC1BC222C522A008E0FF6 /* RXAnimation.app */;
			productType = "com.apple.product-type.application";
		};
		873BC1CF222C522B008E0FF6 /* RXAnimationTests */ = {
			isa = PBXNativeTarget;
			buildConfigurationList = 873BC1DC222C522B008E0FF6 /* Build configuration list for PBXNativeTarget "RXAnimationTests" */;
			buildPhases = (
				CF8FC54AF0488CA119A5A6C6 /* [CP] Check Pods Manifest.lock */,
				873BC1CC222C522B008E0FF6 /* Sources */,
				873BC1CD222C522B008E0FF6 /* Frameworks */,
				873BC1CE222C522B008E0FF6 /* Resources */,
			);
			buildRules = (
			);
			dependencies = (
				873BC1D2222C522B008E0FF6 /* PBXTargetDependency */,
			);
			name = RXAnimationTests;
			productName = RXAnimationTests;
			productReference = 873BC1D0222C522B008E0FF6 /* RXAnimationTests.xctest */;
			productType = "com.apple.product-type.bundle.unit-test";
		};
/* End PBXNativeTarget section */

/* Begin PBXProject section */
		873BC1B4222C522A008E0FF6 /* Project object */ = {
			isa = PBXProject;
			attributes = {
				LastSwiftUpdateCheck = 1010;
				LastUpgradeCheck = 1010;
				ORGANIZATIONNAME = "RX Samples";
				TargetAttributes = {
					873BC1BB222C522A008E0FF6 = {
						CreatedOnToolsVersion = 10.1;
					};
					873BC1CF222C522B008E0FF6 = {
						CreatedOnToolsVersion = 10.1;
						TestTargetID = 873BC1BB222C522A008E0FF6;
					};
				};
			};
			buildConfigurationList = 873BC1B7222C522A008E0FF6 /* Build configuration list for PBXProject "RXAnimation" */;
			compatibilityVersion = "Xcode 9.3";
			developmentRegion = en;
			hasScannedForEncodings = 0;
			knownRegions = (
				en,
				Base,
			);
			mainGroup = 873BC1B3222C522A008E0FF6;
			productRefGroup = 873BC1BD222C522A008E0FF6 /* Products */;
			projectDirPath = "";
			projectRoot = "";
			targets = (
				873BC1BB222C522A008E0FF6 /* RXAnimation */,
				873BC1CF222C522B008E0FF6 /* RXAnimationTests */,
			);
		};
/* End PBXProject section */

/* Begin PBXResourcesBuildPhase section */
		873BC1BA222C522A008E0FF6 /* Resources */ = {
			isa = PBXResourcesBuildPhase;
			buildActionMask = 2147483647;
			files = (
				873BC1CA222C522B008E0FF6 /* LaunchScreen.storyboard in Resources */,
				873BC1C7222C522B008E0FF6 /* Assets.xcassets in Resources */,
				873BC1C5222C522A008E0FF6 /* Main.storyboard in Resources */,
			);
			runOnlyForDeploymentPostprocessing = 0;
		};
		873BC1CE222C522B008E0FF6 /* Resources */ = {
			isa = PBXResourcesBuildPhase;
			buildActionMask = 2147483647;
			files = (
			);
			runOnlyForDeploymentPostprocessing = 0;
		};
/* End PBXResourcesBuildPhase section */

/* Begin PBXShellScriptBuildPhase section */
		B9FF8FD075A92F7BE4CD05DC /* [CP] Embed Pods Frameworks */ = {
			isa = PBXShellScriptBuildPhase;
			buildActionMask = 2147483647;
			files = (
			);
			inputFileListPaths = (
			);
			inputPaths = (
				"${PODS_ROOT}/Target Support Files/Pods-RXAnimation/Pods-RXAnimation-frameworks.sh",
				"${BUILT_PRODUCTS_DIR}/RxAtomic/RxAtomic.framework",
				"${BUILT_PRODUCTS_DIR}/RxCocoa/RxCocoa.framework",
				"${BUILT_PRODUCTS_DIR}/RxSwift/RxSwift.framework",
			);
			name = "[CP] Embed Pods Frameworks";
			outputFileListPaths = (
			);
			outputPaths = (
				"${TARGET_BUILD_DIR}/${FRAMEWORKS_FOLDER_PATH}/RxAtomic.framework",
				"${TARGET_BUILD_DIR}/${FRAMEWORKS_FOLDER_PATH}/RxCocoa.framework",
				"${TARGET_BUILD_DIR}/${FRAMEWORKS_FOLDER_PATH}/RxSwift.framework",
			);
			runOnlyForDeploymentPostprocessing = 0;
			shellPath = /bin/sh;
			shellScript = "\"${PODS_ROOT}/Target Support Files/Pods-RXAnimation/Pods-RXAnimation-frameworks.sh\"\n";
			showEnvVarsInLog = 0;
		};
		CF8FC54AF0488CA119A5A6C6 /* [CP] Check Pods Manifest.lock */ = {
			isa = PBXShellScriptBuildPhase;
			buildActionMask = 2147483647;
			files = (
			);
			inputFileListPaths = (
			);
			inputPaths = (
				"${PODS_PODFILE_DIR_PATH}/Podfile.lock",
				"${PODS_ROOT}/Manifest.lock",
			);
			name = "[CP] Check Pods Manifest.lock";
			outputFileListPaths = (
			);
			outputPaths = (
				"$(DERIVED_FILE_DIR)/Pods-RXAnimationTests-checkManifestLockResult.txt",
			);
			runOnlyForDeploymentPostprocessing = 0;
			shellPath = /bin/sh;
			shellScript = "diff \"${PODS_PODFILE_DIR_PATH}/Podfile.lock\" \"${PODS_ROOT}/Manifest.lock\" > /dev/null\nif [ $? != 0 ] ; then\n    # print error to STDERR\n    echo \"error: The sandbox is not in sync with the Podfile.lock. Run 'pod install' or update your CocoaPods installation.\" >&2\n    exit 1\nfi\n# This output is used by Xcode 'outputs' to avoid re-running this script phase.\necho \"SUCCESS\" > \"${SCRIPT_OUTPUT_FILE_0}\"\n";
			showEnvVarsInLog = 0;
		};
		E3D2B72BC75DD5783C3AFCC9 /* [CP] Check Pods Manifest.lock */ = {
			isa = PBXShellScriptBuildPhase;
			buildActionMask = 2147483647;
			files = (
			);
			inputFileListPaths = (
			);
			inputPaths = (
				"${PODS_PODFILE_DIR_PATH}/Podfile.lock",
				"${PODS_ROOT}/Manifest.lock",
			);
			name = "[CP] Check Pods Manifest.lock";
			outputFileListPaths = (
			);
			outputPaths = (
				"$(DERIVED_FILE_DIR)/Pods-RXAnimation-checkManifestLockResult.txt",
			);
			runOnlyForDeploymentPostprocessing = 0;
			shellPath = /bin/sh;
			shellScript = "diff \"${PODS_PODFILE_DIR_PATH}/Podfile.lock\" \"${PODS_ROOT}/Manifest.lock\" > /dev/null\nif [ $? != 0 ] ; then\n    # print error to STDERR\n    echo \"error: The sandbox is not in sync with the Podfile.lock. Run 'pod install' or update your CocoaPods installation.\" >&2\n    exit 1\nfi\n# This output is used by Xcode 'outputs' to avoid re-running this script phase.\necho \"SUCCESS\" > \"${SCRIPT_OUTPUT_FILE_0}\"\n";
			showEnvVarsInLog = 0;
		};
/* End PBXShellScriptBuildPhase section */

/* Begin PBXSourcesBuildPhase section */
		873BC1B8222C522A008E0FF6 /* Sources */ = {
			isa = PBXSourcesBuildPhase;
			buildActionMask = 2147483647;
			files = (
				873BC1C2222C522A008E0FF6 /* ViewController.swift in Sources */,
				873BC1C0222C522A008E0FF6 /* AppDelegate.swift in Sources */,
			);
			runOnlyForDeploymentPostprocessing = 0;
		};
		873BC1CC222C522B008E0FF6 /* Sources */ = {
			isa = PBXSourcesBuildPhase;
			buildActionMask = 2147483647;
			files = (
				873BC1D5222C522B008E0FF6 /* RXAnimationTests.swift in Sources */,
			);
			runOnlyForDeploymentPostprocessing = 0;
		};
/* End PBXSourcesBuildPhase section */

/* Begin PBXTargetDependency section */
		873BC1D2222C522B008E0FF6 /* PBXTargetDependency */ = {
			isa = PBXTargetDependency;
			target = 873BC1BB222C522A008E0FF6 /* RXAnimation */;
			targetProxy = 873BC1D1222C522B008E0FF6 /* PBXContainerItemProxy */;
		};
/* End PBXTargetDependency section */

/* Begin PBXVariantGroup section */
		873BC1C3222C522A008E0FF6 /* Main.storyboard */ = {
			isa = PBXVariantGroup;
			children = (
				873BC1C4222C522A008E0FF6 /* Base */,
			);
			name = Main.storyboard;
			sourceTree = "<group>";
		};
		873BC1C8222C522B008E0FF6 /* LaunchScreen.storyboard */ = {
			isa = PBXVariantGroup;
			children = (
				873BC1C9222C522B008E0FF6 /* Base */,
			);
			name = LaunchScreen.storyboard;
			sourceTree = "<group>";
		};
/* End PBXVariantGroup section */

/* Begin XCBuildConfiguration section */
		873BC1D7222C522B008E0FF6 /* Debug */ = {
			isa = XCBuildConfiguration;
			buildSettings = {
				ALWAYS_SEARCH_USER_PATHS = NO;
				CLANG_ANALYZER_NONNULL = YES;
				CLANG_ANALYZER_NUMBER_OBJECT_CONVERSION = YES_AGGRESSIVE;
				CLANG_CXX_LANGUAGE_STANDARD = "gnu++14";
				CLANG_CXX_LIBRARY = "libc++";
				CLANG_ENABLE_MODULES = YES;
				CLANG_ENABLE_OBJC_ARC = YES;
				CLANG_ENABLE_OBJC_WEAK = YES;
				CLANG_WARN_BLOCK_CAPTURE_AUTORELEASING = YES;
				CLANG_WARN_BOOL_CONVERSION = YES;
				CLANG_WARN_COMMA = YES;
				CLANG_WARN_CONSTANT_CONVERSION = YES;
				CLANG_WARN_DEPRECATED_OBJC_IMPLEMENTATIONS = YES;
				CLANG_WARN_DIRECT_OBJC_ISA_USAGE = YES_ERROR;
				CLANG_WARN_DOCUMENTATION_COMMENTS = YES;
				CLANG_WARN_EMPTY_BODY = YES;
				CLANG_WARN_ENUM_CONVERSION = YES;
				CLANG_WARN_INFINITE_RECURSION = YES;
				CLANG_WARN_INT_CONVERSION = YES;
				CLANG_WARN_NON_LITERAL_NULL_CONVERSION = YES;
				CLANG_WARN_OBJC_IMPLICIT_RETAIN_SELF = YES;
				CLANG_WARN_OBJC_LITERAL_CONVERSION = YES;
				CLANG_WARN_OBJC_ROOT_CLASS = YES_ERROR;
				CLANG_WARN_RANGE_LOOP_ANALYSIS = YES;
				CLANG_WARN_STRICT_PROTOTYPES = YES;
				CLANG_WARN_SUSPICIOUS_MOVE = YES;
				CLANG_WARN_UNGUARDED_AVAILABILITY = YES_AGGRESSIVE;
				CLANG_WARN_UNREACHABLE_CODE = YES;
				CLANG_WARN__DUPLICATE_METHOD_MATCH = YES;
				CODE_SIGN_IDENTITY = "iPhone Developer";
				COPY_PHASE_STRIP = NO;
				DEBUG_INFORMATION_FORMAT = dwarf;
				ENABLE_STRICT_OBJC_MSGSEND = YES;
				ENABLE_TESTABILITY = YES;
				GCC_C_LANGUAGE_STANDARD = gnu11;
				GCC_DYNAMIC_NO_PIC = NO;
				GCC_NO_COMMON_BLOCKS = YES;
				GCC_OPTIMIZATION_LEVEL = 0;
				GCC_PREPROCESSOR_DEFINITIONS = (
					"DEBUG=1",
					"$(inherited)",
				);
				GCC_WARN_64_TO_32_BIT_CONVERSION = YES;
				GCC_WARN_ABOUT_RETURN_TYPE = YES_ERROR;
				GCC_WARN_UNDECLARED_SELECTOR = YES;
				GCC_WARN_UNINITIALIZED_AUTOS = YES_AGGRESSIVE;
				GCC_WARN_UNUSED_FUNCTION = YES;
				GCC_WARN_UNUSED_VARIABLE = YES;
				IPHONEOS_DEPLOYMENT_TARGET = 12.1;
				MTL_ENABLE_DEBUG_INFO = INCLUDE_SOURCE;
				MTL_FAST_MATH = YES;
				ONLY_ACTIVE_ARCH = YES;
				SDKROOT = iphoneos;
				SWIFT_ACTIVE_COMPILATION_CONDITIONS = DEBUG;
				SWIFT_OPTIMIZATION_LEVEL = "-Onone";
			};
			name = Debug;
		};
		873BC1D8222C522B008E0FF6 /* Release */ = {
			isa = XCBuildConfiguration;
			buildSettings = {
				ALWAYS_SEARCH_USER_PATHS = NO;
				CLANG_ANALYZER_NONNULL = YES;
				CLANG_ANALYZER_NUMBER_OBJECT_CONVERSION = YES_AGGRESSIVE;
				CLANG_CXX_LANGUAGE_STANDARD = "gnu++14";
				CLANG_CXX_LIBRARY = "libc++";
				CLANG_ENABLE_MODULES = YES;
				CLANG_ENABLE_OBJC_ARC = YES;
				CLANG_ENABLE_OBJC_WEAK = YES;
				CLANG_WARN_BLOCK_CAPTURE_AUTORELEASING = YES;
				CLANG_WARN_BOOL_CONVERSION = YES;
				CLANG_WARN_COMMA = YES;
				CLANG_WARN_CONSTANT_CONVERSION = YES;
				CLANG_WARN_DEPRECATED_OBJC_IMPLEMENTATIONS = YES;
				CLANG_WARN_DIRECT_OBJC_ISA_USAGE = YES_ERROR;
				CLANG_WARN_DOCUMENTATION_COMMENTS = YES;
				CLANG_WARN_EMPTY_BODY = YES;
				CLANG_WARN_ENUM_CONVERSION = YES;
				CLANG_WARN_INFINITE_RECURSION = YES;
				CLANG_WARN_INT_CONVERSION = YES;
				CLANG_WARN_NON_LITERAL_NULL_CONVERSION = YES;
				CLANG_WARN_OBJC_IMPLICIT_RETAIN_SELF = YES;
				CLANG_WARN_OBJC_LITERAL_CONVERSION = YES;
				CLANG_WARN_OBJC_ROOT_CLASS = YES_ERROR;
				CLANG_WARN_RANGE_LOOP_ANALYSIS = YES;
				CLANG_WARN_STRICT_PROTOTYPES = YES;
				CLANG_WARN_SUSPICIOUS_MOVE = YES;
				CLANG_WARN_UNGUARDED_AVAILABILITY = YES_AGGRESSIVE;
				CLANG_WARN_UNREACHABLE_CODE = YES;
				CLANG_WARN__DUPLICATE_METHOD_MATCH = YES;
				CODE_SIGN_IDENTITY = "iPhone Developer";
				COPY_PHASE_STRIP = NO;
				DEBUG_INFORMATION_FORMAT = "dwarf-with-dsym";
				ENABLE_NS_ASSERTIONS = NO;
				ENABLE_STRICT_OBJC_MSGSEND = YES;
				GCC_C_LANGUAGE_STANDARD = gnu11;
				GCC_NO_COMMON_BLOCKS = YES;
				GCC_WARN_64_TO_32_BIT_CONVERSION = YES;
				GCC_WARN_ABOUT_RETURN_TYPE = YES_ERROR;
				GCC_WARN_UNDECLARED_SELECTOR = YES;
				GCC_WARN_UNINITIALIZED_AUTOS = YES_AGGRESSIVE;
				GCC_WARN_UNUSED_FUNCTION = YES;
				GCC_WARN_UNUSED_VARIABLE = YES;
				IPHONEOS_DEPLOYMENT_TARGET = 12.1;
				MTL_ENABLE_DEBUG_INFO = NO;
				MTL_FAST_MATH = YES;
				SDKROOT = iphoneos;
				SWIFT_COMPILATION_MODE = wholemodule;
				SWIFT_OPTIMIZATION_LEVEL = "-O";
				VALIDATE_PRODUCT = YES;
			};
			name = Release;
		};
		873BC1DA222C522B008E0FF6 /* Debug */ = {
			isa = XCBuildConfiguration;
			baseConfigurationReference = 4A46CE5759D105DB9C71DDB8 /* Pods-RXAnimation.debug.xcconfig */;
			buildSettings = {
				ASSETCATALOG_COMPILER_APPICON_NAME = AppIcon;
				CODE_SIGN_STYLE = Automatic;
				INFOPLIST_FILE = RXAnimation/Info.plist;
				LD_RUNPATH_SEARCH_PATHS = (
					"$(inherited)",
					"@executable_path/Frameworks",
				);
				PRODUCT_BUNDLE_IDENTIFIER = Minq.RX.RXAnimation;
				PRODUCT_NAME = "$(TARGET_NAME)";
				SWIFT_VERSION = 4.2;
				TARGETED_DEVICE_FAMILY = "1,2";
			};
			name = Debug;
		};
		873BC1DB222C522B008E0FF6 /* Release */ = {
			isa = XCBuildConfiguration;
			baseConfigurationReference = EFD9D24CA6FB345099C61BE8 /* Pods-RXAnimation.release.xcconfig */;
			buildSettings = {
				ASSETCATALOG_COMPILER_APPICON_NAME = AppIcon;
				CODE_SIGN_STYLE = Automatic;
				INFOPLIST_FILE = RXAnimation/Info.plist;
				LD_RUNPATH_SEARCH_PATHS = (
					"$(inherited)",
					"@executable_path/Frameworks",
				);
				PRODUCT_BUNDLE_IDENTIFIER = Minq.RX.RXAnimation;
				PRODUCT_NAME = "$(TARGET_NAME)";
				SWIFT_VERSION = 4.2;
				TARGETED_DEVICE_FAMILY = "1,2";
			};
			name = Release;
		};
		873BC1DD222C522B008E0FF6 /* Debug */ = {
			isa = XCBuildConfiguration;
			baseConfigurationReference = F7C72840B5AB577A990BC43E /* Pods-RXAnimationTests.debug.xcconfig */;
			buildSettings = {
				ALWAYS_EMBED_SWIFT_STANDARD_LIBRARIES = YES;
				BUNDLE_LOADER = "$(TEST_HOST)";
				CODE_SIGN_STYLE = Automatic;
				INFOPLIST_FILE = RXAnimationTests/Info.plist;
				LD_RUNPATH_SEARCH_PATHS = (
					"$(inherited)",
					"@executable_path/Frameworks",
					"@loader_path/Frameworks",
				);
				PRODUCT_BUNDLE_IDENTIFIER = Minq.RX.RXAnimationTests;
				PRODUCT_NAME = "$(TARGET_NAME)";
				SWIFT_VERSION = 4.2;
				TARGETED_DEVICE_FAMILY = "1,2";
				TEST_HOST = "$(BUILT_PRODUCTS_DIR)/RXAnimation.app/RXAnimation";
			};
			name = Debug;
		};
		873BC1DE222C522B008E0FF6 /* Release */ = {
			isa = XCBuildConfiguration;
			baseConfigurationReference = 4121C12AA8E9C016A7F19EF5 /* Pods-RXAnimationTests.release.xcconfig */;
			buildSettings = {
				ALWAYS_EMBED_SWIFT_STANDARD_LIBRARIES = YES;
				BUNDLE_LOADER = "$(TEST_HOST)";
				CODE_SIGN_STYLE = Automatic;
				INFOPLIST_FILE = RXAnimationTests/Info.plist;
				LD_RUNPATH_SEARCH_PATHS = (
					"$(inherited)",
					"@executable_path/Frameworks",
					"@loader_path/Frameworks",
				);
				PRODUCT_BUNDLE_IDENTIFIER = Minq.RX.RXAnimationTests;
				PRODUCT_NAME = "$(TARGET_NAME)";
				SWIFT_VERSION = 4.2;
				TARGETED_DEVICE_FAMILY = "1,2";
				TEST_HOST = "$(BUILT_PRODUCTS_DIR)/RXAnimation.app/RXAnimation";
			};
			name = Release;
		};
/* End XCBuildConfiguration section */

/* Begin XCConfigurationList section */
		873BC1B7222C522A008E0FF6 /* Build configuration list for PBXProject "RXAnimation" */ = {
			isa = XCConfigurationList;
			buildConfigurations = (
				873BC1D7222C522B008E0FF6 /* Debug */,
				873BC1D8222C522B008E0FF6 /* Release */,
			);
			defaultConfigurationIsVisible = 0;
			defaultConfigurationName = Release;
		};
		873BC1D9222C522B008E0FF6 /* Build configuration list for PBXNativeTarget "RXAnimation" */ = {
			isa = XCConfigurationList;
			buildConfigurations = (
				873BC1DA222C522B008E0FF6 /* Debug */,
				873BC1DB222C522B008E0FF6 /* Release */,
			);
			defaultConfigurationIsVisible = 0;
			defaultConfigurationName = Release;
		};
		873BC1DC222C522B008E0FF6 /* Build configuration list for PBXNativeTarget "RXAnimationTests" */ = {
			isa = XCConfigurationList;
			buildConfigurations = (
				873BC1DD222C522B008E0FF6 /* Debug */,
				873BC1DE222C522B008E0FF6 /* Release */,
			);
			defaultConfigurationIsVisible = 0;
			defaultConfigurationName = Release;
		};
/* End XCConfigurationList section */
	};
	rootObject = 873BC1B4222C522A008E0FF6 /* Project object */;
}
